
Microsoft Visual Studio Solution File, Format Version 12.00
# Visual Studio Version 17
VisualStudioVersion = 17.11.35327.3
MinimumVisualStudioVersion = 10.0.40219.1
Project("{FAE04EC0-301F-11D3-BF4B-00C04F79EFBC}") = "Control_Horas", "Control_Horas\Control_Horas.csproj", "{E173C06D-0B1F-4498-973F-7F4924579F0A}"
EndProject
Global
	GlobalSection(SolutionConfigurationPlatforms) = preSolution
		Debug|Any CPU = Debug|Any CPU
		Release|Any CPU = Release|Any CPU
	EndGlobalSection
	GlobalSection(ProjectConfigurationPlatforms) = postSolution
		{E173C06D-0B1F-4498-973F-7F4924579F0A}.Debug|Any CPU.ActiveCfg = Debug|Any CPU
		{E173C06D-0B1F-4498-973F-7F4924579F0A}.Debug|Any CPU.Build.0 = Debug|Any CPU
		{E173C06D-0B1F-4498-973F-7F4924579F0A}.Release|Any CPU.ActiveCfg = Release|Any CPU
		{E173C06D-0B1F-4498-973F-7F4924579F0A}.Release|Any CPU.Build.0 = Release|Any CPU
	EndGlobalSection
	GlobalSection(SolutionProperties) = preSolution
		HideSolutionNode = FALSE
	EndGlobalSection
	GlobalSection(ExtensibilityGlobals) = postSolution
		SolutionGuid = {3C844D1F-CCBD-4AB4-A103-6A1DBBA4110A}
	EndGlobalSection
EndGlobal
